<Solution>
  <Folder Name="/Samples/">
    <Project Path="Samples/ChromelessDragResizeDemo/ChromelessDragResizeDemo.csproj" />
    <Project Path="Samples/CustomSchemes/CustomSchemes.csproj" />
    <Project Path="Samples/HelloWorld/HelloWorld.csproj" />
    <Project Path="Samples/NavigationPolicyDemo/NavigationPolicyDemo.csproj" />
    <Project Path="Samples/NotificationDiagnostics/NotificationDiagnostics.csproj" />
    <Project Path="Samples/RuntimeDiagnostics/RuntimeDiagnostics.csproj" />
    <Project Path="Samples/SplashScreen/SplashScreen.csproj" />
    <Project Path="Samples/TransparencyDemo/TransparencyDemo.csproj" />
    <Project Path="Samples/WindowDiagnostics/WindowDiagnostics.csproj" />
  </Folder>
  <Folder Name="/Solution Items/">
    <File Path="Directory.Build.props" />
    <File Path="Directory.Build.targets" />
    <File Path="README.md" />
  </Folder>
  <Project Path="Photino.NET/PhotinoX.csproj" />
</Solution>
